// !$*UTF8*$!
{
	archiveVersion = 1;
	classes = {
	};
	objectVersion = 56;
	objects = {

/* Begin PBXBuildFile section */
		D838734A29CD385A008EF5A7 /* Pokemon.swift in Sources */ = {isa = PBXBuildFile; fileRef = D838734929CD385A008EF5A7 /* Pokemon.swift */; };
		D838734C29CD3894008EF5A7 /* PokemonDetailView.swift in Sources */ = {isa = PBXBuildFile; fileRef = D838734B29CD3894008EF5A7 /* PokemonDetailView.swift */; };
		D8FFF85429CBE60300F78E14 /* PracticeAPIApp.swift in Sources */ = {isa = PBXBuildFile; fileRef = D8FFF85329CBE60300F78E14 /* PracticeAPIApp.swift */; };
		D8FFF85629CBE60300F78E14 /* ContentView.swift in Sources */ = {isa = PBXBuildFile; fileRef = D8FFF85529CBE60300F78E14 /* ContentView.swift */; };
		D8FFF85829CBE60400F78E14 /* Assets.xcassets in Resources */ = {isa = PBXBuildFile; fileRef = D8FFF85729CBE60400F78E14 /* Assets.xcassets */; };
		D8FFF85B29CBE60400F78E14 /* Preview Assets.xcassets in Resources */ = {isa = PBXBuildFile; fileRef = D8FFF85A29CBE60400F78E14 /* Preview Assets.xcassets */; };
		D8FFF86229CBE61600F78E14 /* ApiVM.swift in Sources */ = {isa = PBXBuildFile; fileRef = D8FFF86129CBE61600F78E14 /* ApiVM.swift */; };
		D8FFF86429CBE98600F78E14 /* ApiListView.swift in Sources */ = {isa = PBXBuildFile; fileRef = D8FFF86329CBE98600F78E14 /* ApiListView.swift */; };
		D8FFF86629CBEB5C00F78E14 /* PokeAPI.swift in Sources */ = {isa = PBXBuildFile; fileRef = D8FFF86529CBEB5C00F78E14 /* PokeAPI.swift */; };
/* End PBXBuildFile section */

/* Begin PBXFileReference section */
		D838734929CD385A008EF5A7 /* Pokemon.swift */ = {isa = PBXFileReference; lastKnownFileType = sourcecode.swift; path = Pokemon.swift; sourceTree = "<group>"; };
		D838734B29CD3894008EF5A7 /* PokemonDetailView.swift */ = {isa = PBXFileReference; lastKnownFileType = sourcecode.swift; path = PokemonDetailView.swift; sourceTree = "<group>"; };
		D8FFF85029CBE60300F78E14 /* PracticeAPI.app */ = {isa = PBXFileReference; explicitFileType = wrapper.application; includeInIndex = 0; path = PracticeAPI.app; sourceTree = BUILT_PRODUCTS_DIR; };
		D8FFF85329CBE60300F78E14 /* PracticeAPIApp.swift */ = {isa = PBXFileReference; lastKnownFileType = sourcecode.swift; path = PracticeAPIApp.swift; sourceTree = "<group>"; };
		D8FFF85529CBE60300F78E14 /* ContentView.swift */ = {isa = PBXFileReference; lastKnownFileType = sourcecode.swift; path = ContentView.swift; sourceTree = "<group>"; };
		D8FFF85729CBE60400F78E14 /* Assets.xcassets */ = {isa = PBXFileReference; lastKnownFileType = folder.assetcatalog; path = Assets.xcassets; sourceTree = "<group>"; };
		D8FFF85A29CBE60400F78E14 /* Preview Assets.xcassets */ = {isa = PBXFileReference; lastKnownFileType = folder.assetcatalog; path = "Preview Assets.xcassets"; sourceTree = "<group>"; };
		D8FFF86129CBE61600F78E14 /* ApiVM.swift */ = {isa = PBXFileReference; lastKnownFileType = sourcecode.swift; path = ApiVM.swift; sourceTree = "<group>"; };
		D8FFF86329CBE98600F78E14 /* ApiListView.swift */ = {isa = PBXFileReference; lastKnownFileType = sourcecode.swift; path = ApiListView.swift; sourceTree = "<group>"; };
		D8FFF86529CBEB5C00F78E14 /* PokeAPI.swift */ = {isa = PBXFileReference; lastKnownFileType = sourcecode.swift; path = PokeAPI.swift; sourceTree = "<group>"; };
/* End PBXFileReference section */

/* Begin PBXFrameworksBuildPhase section */
		D8FFF84D29CBE60300F78E14 /* Frameworks */ = {
			isa = PBXFrameworksBuildPhase;
			buildActionMask = 2147483647;
			files = (
			);
			runOnlyForDeploymentPostprocessing = 0;
		};
/* End PBXFrameworksBuildPhase section */

/* Begin PBXGroup section */
		D8FFF84729CBE60300F78E14 = {
			isa = PBXGroup;
			children = (
				D8FFF85229CBE60300F78E14 /* PracticeAPI */,
				D8FFF85129CBE60300F78E14 /* Products */,
			);
			sourceTree = "<group>";
		};
		D8FFF85129CBE60300F78E14 /* Products */ = {
			isa = PBXGroup;
			children = (
				D8FFF85029CBE60300F78E14 /* PracticeAPI.app */,
			);
			name = Products;
			sourceTree = "<group>";
		};
		D8FFF85229CBE60300F78E14 /* PracticeAPI */ = {
			isa = PBXGroup;
			children = (
				D8FFF85329CBE60300F78E14 /* PracticeAPIApp.swift */,
				D8FFF85529CBE60300F78E14 /* ContentView.swift */,
				D8FFF86329CBE98600F78E14 /* ApiListView.swift */,
				D8FFF86129CBE61600F78E14 /* ApiVM.swift */,
				D8FFF86529CBEB5C00F78E14 /* PokeAPI.swift */,
				D838734B29CD3894008EF5A7 /* PokemonDetailView.swift */,
				D838734929CD385A008EF5A7 /* Pokemon.swift */,
				D8FFF85729CBE60400F78E14 /* Assets.xcassets */,
				D8FFF85929CBE60400F78E14 /* Preview Content */,
			);
			path = PracticeAPI;
			sourceTree = "<group>";
		};
		D8FFF85929CBE60400F78E14 /* Preview Content */ = {
			isa = PBXGroup;
			children = (
				D8FFF85A29CBE60400F78E14 /* Preview Assets.xcassets */,
			);
			path = "Preview Content";
			sourceTree = "<group>";
		};
/* End PBXGroup section */

/* Begin PBXNativeTarget section */
		D8FFF84F29CBE60300F78E14 /* PracticeAPI */ = {
			isa = PBXNativeTarget;
			buildConfigurationList = D8FFF85E29CBE60400F78E14 /* Build configuration list for PBXNativeTarget "PracticeAPI" */;
			buildPhases = (
				D8FFF84C29CBE60300F78E14 /* Sources */,
				D8FFF84D29CBE60300F78E14 /* Frameworks */,
				D8FFF84E29CBE60300F78E14 /* Resources */,
			);
			buildRules = (
			);
			dependencies = (
			);
			name = PracticeAPI;
			productName = PracticeAPI;
			productReference = D8FFF85029CBE60300F78E14 /* PracticeAPI.app */;
			productType = "com.apple.product-type.application";
		};
/* End PBXNativeTarget section */

/* Begin PBXProject section */
		D8FFF84829CBE60300F78E14 /* Project object */ = {
			isa = PBXProject;
			attributes = {
				BuildIndependentTargetsInParallel = 1;
				LastSwiftUpdateCheck = 1420;
				LastUpgradeCheck = 1420;
				TargetAttributes = {
					D8FFF84F29CBE60300F78E14 = {
						CreatedOnToolsVersion = 14.2;
					};
				};
			};
			buildConfigurationList = D8FFF84B29CBE60300F78E14 /* Build configuration list for PBXProject "PracticeAPI" */;
			compatibilityVersion = "Xcode 14.0";
			developmentRegion = en;
			hasScannedForEncodings = 0;
			knownRegions = (
				en,
				Base,
			);
			mainGroup = D8FFF84729CBE60300F78E14;
			productRefGroup = D8FFF85129CBE60300F78E14 /* Products */;
			projectDirPath = "";
			projectRoot = "";
			targets = (
				D8FFF84F29CBE60300F78E14 /* PracticeAPI */,
			);
		};
/* End PBXProject section */

/* Begin PBXResourcesBuildPhase section */
		D8FFF84E29CBE60300F78E14 /* Resources */ = {
			isa = PBXResourcesBuildPhase;
			buildActionMask = 2147483647;
			files = (
				D8FFF85B29CBE60400F78E14 /* Preview Assets.xcassets in Resources */,
				D8FFF85829CBE60400F78E14 /* Assets.xcassets in Resources */,
			);
			runOnlyForDeploymentPostprocessing = 0;
		};
/* End PBXResourcesBuildPhase section */

/* Begin PBXSourcesBuildPhase section */
		D8FFF84C29CBE60300F78E14 /* Sources */ = {
			isa = PBXSourcesBuildPhase;
			buildActionMask = 2147483647;
			files = (
				D8FFF86629CBEB5C00F78E14 /* PokeAPI.swift in Sources */,
				D8FFF85629CBE60300F78E14 /* ContentView.swift in Sources */,
				D8FFF86429CBE98600F78E14 /* ApiListView.swift in Sources */,
				D8FFF85429CBE60300F78E14 /* PracticeAPIApp.swift in Sources */,
				D8FFF86229CBE61600F78E14 /* ApiVM.swift in Sources */,
				D838734C29CD3894008EF5A7 /* PokemonDetailView.swift in Sources */,
				D838734A29CD385A008EF5A7 /* Pokemon.swift in Sources */,
			);
			runOnlyForDeploymentPostprocessing = 0;
		};
/* End PBXSourcesBuildPhase section */

/* Begin XCBuildConfiguration section */
		D8FFF85C29CBE60400F78E14 /* Debug */ = {
			isa = XCBuildConfiguration;
			buildSettings = {
				ALWAYS_SEARCH_USER_PATHS = NO;
				CLANG_ANALYZER_NONNULL = YES;
				CLANG_ANALYZER_NUMBER_OBJECT_CONVERSION = YES_AGGRESSIVE;
				CLANG_CXX_LANGUAGE_STANDARD = "gnu++20";
				CLANG_ENABLE_MODULES = YES;
				CLANG_ENABLE_OBJC_ARC = YES;
				CLANG_ENABLE_OBJC_WEAK = YES;
				CLANG_WARN_BLOCK_CAPTURE_AUTORELEASING = YES;
				CLANG_WARN_BOOL_CONVERSION = YES;
				CLANG_WARN_COMMA = YES;
				CLANG_WARN_CONSTANT_CONVERSION = YES;
				CLANG_WARN_DEPRECATED_OBJC_IMPLEMENTATIONS = YES;
				CLANG_WARN_DIRECT_OBJC_ISA_USAGE = YES_ERROR;
				CLANG_WARN_DOCUMENTATION_COMMENTS = YES;
				CLANG_WARN_EMPTY_BODY = YES;
				CLANG_WARN_ENUM_CONVERSION = YES;
				CLANG_WARN_INFINITE_RECURSION = YES;
				CLANG_WARN_INT_CONVERSION = YES;
				CLANG_WARN_NON_LITERAL_NULL_CONVERSION = YES;
				CLANG_WARN_OBJC_IMPLICIT_RETAIN_SELF = YES;
				CLANG_WARN_OBJC_LITERAL_CONVERSION = YES;
				CLANG_WARN_OBJC_ROOT_CLASS = YES_ERROR;
				CLANG_WARN_QUOTED_INCLUDE_IN_FRAMEWORK_HEADER = YES;
				CLANG_WARN_RANGE_LOOP_ANALYSIS = YES;
				CLANG_WARN_STRICT_PROTOTYPES = YES;
				CLANG_WARN_SUSPICIOUS_MOVE = YES;
				CLANG_WARN_UNGUARDED_AVAILABILITY = YES_AGGRESSIVE;
				CLANG_WARN_UNREACHABLE_CODE = YES;
				CLANG_WARN__DUPLICATE_METHOD_MATCH = YES;
				COPY_PHASE_STRIP = NO;
				DEBUG_INFORMATION_FORMAT = dwarf;
				ENABLE_STRICT_OBJC_MSGSEND = YES;
				ENABLE_TESTABILITY = YES;
				GCC_C_LANGUAGE_STANDARD = gnu11;
				GCC_DYNAMIC_NO_PIC = NO;
				GCC_NO_COMMON_BLOCKS = YES;
				GCC_OPTIMIZATION_LEVEL = 0;
				GCC_PREPROCESSOR_DEFINITIONS = (
					"DEBUG=1",
					"$(inherited)",
				);
				GCC_WARN_64_TO_32_BIT_CONVERSION = YES;
				GCC_WARN_ABOUT_RETURN_TYPE = YES_ERROR;
				GCC_WARN_UNDECLARED_SELECTOR = YES;
				GCC_WARN_UNINITIALIZED_AUTOS = YES_AGGRESSIVE;
				GCC_WARN_UNUSED_FUNCTION = YES;
				GCC_WARN_UNUSED_VARIABLE = YES;
				IPHONEOS_DEPLOYMENT_TARGET = 16.2;
				MTL_ENABLE_DEBUG_INFO = INCLUDE_SOURCE;
				MTL_FAST_MATH = YES;
				ONLY_ACTIVE_ARCH = YES;
				SDKROOT = iphoneos;
				SWIFT_ACTIVE_COMPILATION_CONDITIONS = DEBUG;
				SWIFT_OPTIMIZATION_LEVEL = "-Onone";
			};
			name = Debug;
		};
		D8FFF85D29CBE60400F78E14 /* Release */ = {
			isa = XCBuildConfiguration;
			buildSettings = {
				ALWAYS_SEARCH_USER_PATHS = NO;
				CLANG_ANALYZER_NONNULL = YES;
				CLANG_ANALYZER_NUMBER_OBJECT_CONVERSION = YES_AGGRESSIVE;
				CLANG_CXX_LANGUAGE_STANDARD = "gnu++20";
				CLANG_ENABLE_MODULES = YES;
				CLANG_ENABLE_OBJC_ARC = YES;
				CLANG_ENABLE_OBJC_WEAK = YES;
				CLANG_WARN_BLOCK_CAPTURE_AUTORELEASING = YES;
				CLANG_WARN_BOOL_CONVERSION = YES;
				CLANG_WARN_COMMA = YES;
				CLANG_WARN_CONSTANT_CONVERSION = YES;
				CLANG_WARN_DEPRECATED_OBJC_IMPLEMENTATIONS = YES;
				CLANG_WARN_DIRECT_OBJC_ISA_USAGE = YES_ERROR;
				CLANG_WARN_DOCUMENTATION_COMMENTS = YES;
				CLANG_WARN_EMPTY_BODY = YES;
				CLANG_WARN_ENUM_CONVERSION = YES;
				CLANG_WARN_INFINITE_RECURSION = YES;
				CLANG_WARN_INT_CONVERSION = YES;
				CLANG_WARN_NON_LITERAL_NULL_CONVERSION = YES;
				CLANG_WARN_OBJC_IMPLICIT_RETAIN_SELF = YES;
				CLANG_WARN_OBJC_LITERAL_CONVERSION = YES;
				CLANG_WARN_OBJC_ROOT_CLASS = YES_ERROR;
				CLANG_WARN_QUOTED_INCLUDE_IN_FRAMEWORK_HEADER = YES;
				CLANG_WARN_RANGE_LOOP_ANALYSIS = YES;
				CLANG_WARN_STRICT_PROTOTYPES = YES;
				CLANG_WARN_SUSPICIOUS_MOVE = YES;
				CLANG_WARN_UNGUARDED_AVAILABILITY = YES_AGGRESSIVE;
				CLANG_WARN_UNREACHABLE_CODE = YES;
				CLANG_WARN__DUPLICATE_METHOD_MATCH = YES;
				COPY_PHASE_STRIP = NO;
				DEBUG_INFORMATION_FORMAT = "dwarf-with-dsym";
				ENABLE_NS_ASSERTIONS = NO;
				ENABLE_STRICT_OBJC_MSGSEND = YES;
				GCC_C_LANGUAGE_STANDARD = gnu11;
				GCC_NO_COMMON_BLOCKS = YES;
				GCC_WARN_64_TO_32_BIT_CONVERSION = YES;
				GCC_WARN_ABOUT_RETURN_TYPE = YES_ERROR;
				GCC_WARN_UNDECLARED_SELECTOR = YES;
				GCC_WARN_UNINITIALIZED_AUTOS = YES_AGGRESSIVE;
				GCC_WARN_UNUSED_FUNCTION = YES;
				GCC_WARN_UNUSED_VARIABLE = YES;
				IPHONEOS_DEPLOYMENT_TARGET = 16.2;
				MTL_ENABLE_DEBUG_INFO = NO;
				MTL_FAST_MATH = YES;
				SDKROOT = iphoneos;
				SWIFT_COMPILATION_MODE = wholemodule;
				SWIFT_OPTIMIZATION_LEVEL = "-O";
				VALIDATE_PRODUCT = YES;
			};
			name = Release;
		};
		D8FFF85F29CBE60400F78E14 /* Debug */ = {
			isa = XCBuildConfiguration;
			buildSettings = {
				ASSETCATALOG_COMPILER_APPICON_NAME = AppIcon;
				ASSETCATALOG_COMPILER_GLOBAL_ACCENT_COLOR_NAME = AccentColor;
				CODE_SIGN_STYLE = Automatic;
				CURRENT_PROJECT_VERSION = 1;
				DEVELOPMENT_ASSET_PATHS = "\"PracticeAPI/Preview Content\"";
				DEVELOPMENT_TEAM = 2C89D7FYA2;
				ENABLE_PREVIEWS = YES;
				GENERATE_INFOPLIST_FILE = YES;
				INFOPLIST_KEY_UIApplicationSceneManifest_Generation = YES;
				INFOPLIST_KEY_UIApplicationSupportsIndirectInputEvents = YES;
				INFOPLIST_KEY_UILaunchScreen_Generation = YES;
				INFOPLIST_KEY_UISupportedInterfaceOrientations_iPad = "UIInterfaceOrientationPortrait UIInterfaceOrientationPortraitUpsideDown UIInterfaceOrientationLandscapeLeft UIInterfaceOrientationLandscapeRight";
				INFOPLIST_KEY_UISupportedInterfaceOrientations_iPhone = "UIInterfaceOrientationPortrait UIInterfaceOrientationLandscapeLeft UIInterfaceOrientationLandscapeRight";
				LD_RUNPATH_SEARCH_PATHS = (
					"$(inherited)",
					"@executable_path/Frameworks",
				);
				MARKETING_VERSION = 1.0;
				PRODUCT_BUNDLE_IDENTIFIER = Yoon.Chris.PracticeAPI;
				PRODUCT_NAME = "$(TARGET_NAME)";
				SWIFT_EMIT_LOC_STRINGS = YES;
				SWIFT_VERSION = 5.0;
				TARGETED_DEVICE_FAMILY = "1,2";
			};
			name = Debug;
		};
		D8FFF86029CBE60400F78E14 /* Release */ = {
			isa = XCBuildConfiguration;
			buildSettings = {
				ASSETCATALOG_COMPILER_APPICON_NAME = AppIcon;
				ASSETCATALOG_COMPILER_GLOBAL_ACCENT_COLOR_NAME = AccentColor;
				CODE_SIGN_STYLE = Automatic;
				CURRENT_PROJECT_VERSION = 1;
				DEVELOPMENT_ASSET_PATHS = "\"PracticeAPI/Preview Content\"";
				DEVELOPMENT_TEAM = 2C89D7FYA2;
				ENABLE_PREVIEWS = YES;
				GENERATE_INFOPLIST_FILE = YES;
				INFOPLIST_KEY_UIApplicationSceneManifest_Generation = YES;
				INFOPLIST_KEY_UIApplicationSupportsIndirectInputEvents = YES;
				INFOPLIST_KEY_UILaunchScreen_Generation = YES;
				INFOPLIST_KEY_UISupportedInterfaceOrientations_iPad = "UIInterfaceOrientationPortrait UIInterfaceOrientationPortraitUpsideDown UIInterfaceOrientationLandscapeLeft UIInterfaceOrientationLandscapeRight";
				INFOPLIST_KEY_UISupportedInterfaceOrientations_iPhone = "UIInterfaceOrientationPortrait UIInterfaceOrientationLandscapeLeft UIInterfaceOrientationLandscapeRight";
				LD_RUNPATH_SEARCH_PATHS = (
					"$(inherited)",
					"@executable_path/Frameworks",
				);
				MARKETING_VERSION = 1.0;
				PRODUCT_BUNDLE_IDENTIFIER = Yoon.Chris.PracticeAPI;
				PRODUCT_NAME = "$(TARGET_NAME)";
				SWIFT_EMIT_LOC_STRINGS = YES;
				SWIFT_VERSION = 5.0;
				TARGETED_DEVICE_FAMILY = "1,2";
			};
			name = Release;
		};
/* End XCBuildConfiguration section */

/* Begin XCConfigurationList section */
		D8FFF84B29CBE60300F78E14 /* Build configuration list for PBXProject "PracticeAPI" */ = {
			isa = XCConfigurationList;
			buildConfigurations = (
				D8FFF85C29CBE60400F78E14 /* Debug */,
				D8FFF85D29CBE60400F78E14 /* Release */,
			);
			defaultConfigurationIsVisible = 0;
			defaultConfigurationName = Release;
		};
		D8FFF85E29CBE60400F78E14 /* Build configuration list for PBXNativeTarget "PracticeAPI" */ = {
			isa = XCConfigurationList;
			buildConfigurations = (
				D8FFF85F29CBE60400F78E14 /* Debug */,
				D8FFF86029CBE60400F78E14 /* Release */,
			);
			defaultConfigurationIsVisible = 0;
			defaultConfigurationName = Release;
		};
/* End XCConfigurationList section */
	};
	rootObject = D8FFF84829CBE60300F78E14 /* Project object */;
}
